
Microsoft Visual Studio Solution File, Format Version 12.00
# Visual Studio Version 17
VisualStudioVersion = 17.4.33122.133
MinimumVisualStudioVersion = 10.0.40219.1
Project("{8BC9CEB8-8B4A-11D0-8D11-00A0C91BC942}") = "merodEler", "merodEler\merodEler.vcxproj", "{FCE2EDE0-C976-4AA0-98AE-FD886DEBA488}"
EndProject
Global
	GlobalSection(SolutionConfigurationPlatforms) = preSolution
		Debug|x64 = Debug|x64
		Debug|x86 = Debug|x86
		Release|x64 = Release|x64
		Release|x86 = Release|x86
	EndGlobalSection
	GlobalSection(ProjectConfigurationPlatforms) = postSolution
		{FCE2EDE0-C976-4AA0-98AE-FD886DEBA488}.Debug|x64.ActiveCfg = Debug|x64
		{FCE2EDE0-C976-4AA0-98AE-FD886DEBA488}.Debug|x64.Build.0 = Debug|x64
		{FCE2EDE0-C976-4AA0-98AE-FD886DEBA488}.Debug|x86.ActiveCfg = Debug|Win32
		{FCE2EDE0-C976-4AA0-98AE-FD886DEBA488}.Debug|x86.Build.0 = Debug|Win32
		{FCE2EDE0-C976-4AA0-98AE-FD886DEBA488}.Release|x64.ActiveCfg = Release|x64
		{FCE2EDE0-C976-4AA0-98AE-FD886DEBA488}.Release|x64.Build.0 = Release|x64
		{FCE2EDE0-C976-4AA0-98AE-FD886DEBA488}.Release|x86.ActiveCfg = Release|Win32
		{FCE2EDE0-C976-4AA0-98AE-FD886DEBA488}.Release|x86.Build.0 = Release|Win32
	EndGlobalSection
	GlobalSection(SolutionProperties) = preSolution
		HideSolutionNode = FALSE
	EndGlobalSection
	GlobalSection(ExtensibilityGlobals) = postSolution
		SolutionGuid = {1619135E-7893-4496-936B-7E28B926A842}
	EndGlobalSection
EndGlobal
